// !$*UTF8*$!
{
	archiveVersion = 1;
	classes = {
	};
	objectVersion = 77;
	objects = {

/* Begin PBXBuildFile section */
		27E9D6F85EB9860681EA8A00 /* AppLauncher.swift in Sources */ = {isa = PBXBuildFile; fileRef = 278FD8ABDF9B32ADB6BC098B /* AppLauncher.swift */; };
		3CB352D89DA2AE5BD62F0DB4 /* Menu3App.swift in Sources */ = {isa = PBXBuildFile; fileRef = 22021D10BF90F928E6922897 /* Menu3App.swift */; };
		44478ED498C2252F9E10D958 /* Assets.xcassets in Resources */ = {isa = PBXBuildFile; fileRef = F3509076AC927139CCE17E7E /* Assets.xcassets */; };
		49F066DB82917A5996019916 /* MultitouchPrivate.swift in Sources */ = {isa = PBXBuildFile; fileRef = CB7F6475954C992B0D5B7975 /* MultitouchPrivate.swift */; };
		55FC694C2B5B205B160D729B /* RecentAppsManager.swift in Sources */ = {isa = PBXBuildFile; fileRef = 0129D8DCE5B343A630023FFC /* RecentAppsManager.swift */; };
		607FB97368A176BF586EBA1A /* FileActions.swift in Sources */ = {isa = PBXBuildFile; fileRef = 2B460F0AF07BD82A32AA6F83 /* FileActions.swift */; };
		6BEB160E9C7C6B329F64B53E /* FinderMonitor.swift in Sources */ = {isa = PBXBuildFile; fileRef = AD1B72ECCFBA8D32BD32C40A /* FinderMonitor.swift */; };
		713997550005CC56804A702F /* TriggerSettings.swift in Sources */ = {isa = PBXBuildFile; fileRef = 71C85086C106980BD2F0261A /* TriggerSettings.swift */; };
		7164628D72A4CF2B3DEACA52 /* FinderBridge.swift in Sources */ = {isa = PBXBuildFile; fileRef = 900132E63EE3525909686AB1 /* FinderBridge.swift */; };
		8586A724C8897443E7215F00 /* FileMover.swift in Sources */ = {isa = PBXBuildFile; fileRef = EA0E18FD946AF2CC08C21FBB /* FileMover.swift */; };
		A4AA09E2672C544C69A3D60F /* Constants.swift in Sources */ = {isa = PBXBuildFile; fileRef = 57B3F88DEF6744AD31FD82DA /* Constants.swift */; };
		BB6DB8355917661E93A37976 /* ContentView.swift in Sources */ = {isa = PBXBuildFile; fileRef = E3DB363709919BEE72EC91A0 /* ContentView.swift */; };
		D5815EFB5DEBB48E2324AEF8 /* MenuPresenter.swift in Sources */ = {isa = PBXBuildFile; fileRef = DBEBC46A73E65F1C64CF8A51 /* MenuPresenter.swift */; };
/* End PBXBuildFile section */

/* Begin PBXFileReference section */
		0129D8DCE5B343A630023FFC /* RecentAppsManager.swift */ = {isa = PBXFileReference; lastKnownFileType = sourcecode.swift; path = RecentAppsManager.swift; sourceTree = "<group>"; };
		22021D10BF90F928E6922897 /* Menu3App.swift */ = {isa = PBXFileReference; lastKnownFileType = sourcecode.swift; path = Menu3App.swift; sourceTree = "<group>"; };
		278FD8ABDF9B32ADB6BC098B /* AppLauncher.swift */ = {isa = PBXFileReference; lastKnownFileType = sourcecode.swift; path = AppLauncher.swift; sourceTree = "<group>"; };
		2B460F0AF07BD82A32AA6F83 /* FileActions.swift */ = {isa = PBXFileReference; lastKnownFileType = sourcecode.swift; path = FileActions.swift; sourceTree = "<group>"; };
		346A04A55C9D82974F4ACB4E /* Info.plist */ = {isa = PBXFileReference; lastKnownFileType = text.plist; path = Info.plist; sourceTree = "<group>"; };
		57B3F88DEF6744AD31FD82DA /* Constants.swift */ = {isa = PBXFileReference; lastKnownFileType = sourcecode.swift; path = Constants.swift; sourceTree = "<group>"; };
		71C85086C106980BD2F0261A /* TriggerSettings.swift */ = {isa = PBXFileReference; lastKnownFileType = sourcecode.swift; path = TriggerSettings.swift; sourceTree = "<group>"; };
		900132E63EE3525909686AB1 /* FinderBridge.swift */ = {isa = PBXFileReference; lastKnownFileType = sourcecode.swift; path = FinderBridge.swift; sourceTree = "<group>"; };
		A47F7A001F7FB2262A0C4DEA /* menu3.app */ = {isa = PBXFileReference; explicitFileType = wrapper.application; includeInIndex = 0; path = menu3.app; sourceTree = BUILT_PRODUCTS_DIR; };
		AD1B72ECCFBA8D32BD32C40A /* FinderMonitor.swift */ = {isa = PBXFileReference; lastKnownFileType = sourcecode.swift; path = FinderMonitor.swift; sourceTree = "<group>"; };
		CB7F6475954C992B0D5B7975 /* MultitouchPrivate.swift */ = {isa = PBXFileReference; lastKnownFileType = sourcecode.swift; path = MultitouchPrivate.swift; sourceTree = "<group>"; };
		DBEBC46A73E65F1C64CF8A51 /* MenuPresenter.swift */ = {isa = PBXFileReference; lastKnownFileType = sourcecode.swift; path = MenuPresenter.swift; sourceTree = "<group>"; };
		E3DB363709919BEE72EC91A0 /* ContentView.swift */ = {isa = PBXFileReference; lastKnownFileType = sourcecode.swift; path = ContentView.swift; sourceTree = "<group>"; };
		EA0E18FD946AF2CC08C21FBB /* FileMover.swift */ = {isa = PBXFileReference; lastKnownFileType = sourcecode.swift; path = FileMover.swift; sourceTree = "<group>"; };
		F3509076AC927139CCE17E7E /* Assets.xcassets */ = {isa = PBXFileReference; lastKnownFileType = folder.assetcatalog; path = Assets.xcassets; sourceTree = "<group>"; };
/* End PBXFileReference section */

/* Begin PBXGroup section */
		A317E20C3795223285D813F6 /* Menu3 */ = {
			isa = PBXGroup;
			children = (
				F3509076AC927139CCE17E7E /* Assets.xcassets */,
				E3DB363709919BEE72EC91A0 /* ContentView.swift */,
				EA0E18FD946AF2CC08C21FBB /* FileMover.swift */,
				900132E63EE3525909686AB1 /* FinderBridge.swift */,
				AD1B72ECCFBA8D32BD32C40A /* FinderMonitor.swift */,
				346A04A55C9D82974F4ACB4E /* Info.plist */,
				22021D10BF90F928E6922897 /* Menu3App.swift */,
				DBEBC46A73E65F1C64CF8A51 /* MenuPresenter.swift */,
				CB7F6475954C992B0D5B7975 /* MultitouchPrivate.swift */,
				71C85086C106980BD2F0261A /* TriggerSettings.swift */,
			);
			path = Menu3;
			sourceTree = "<group>";
		};
		A414AB6CA3A6B4BBBF1BC251 /* Shared */ = {
			isa = PBXGroup;
			children = (
				278FD8ABDF9B32ADB6BC098B /* AppLauncher.swift */,
				57B3F88DEF6744AD31FD82DA /* Constants.swift */,
				2B460F0AF07BD82A32AA6F83 /* FileActions.swift */,
				0129D8DCE5B343A630023FFC /* RecentAppsManager.swift */,
			);
			path = Shared;
			sourceTree = "<group>";
		};
		B7159E9B3E99DA4D7224D154 = {
			isa = PBXGroup;
			children = (
				A317E20C3795223285D813F6 /* Menu3 */,
				A414AB6CA3A6B4BBBF1BC251 /* Shared */,
				CF800D7CF2FDDB74DB65C78E /* Products */,
			);
			sourceTree = "<group>";
		};
		CF800D7CF2FDDB74DB65C78E /* Products */ = {
			isa = PBXGroup;
			children = (
				A47F7A001F7FB2262A0C4DEA /* menu3.app */,
			);
			name = Products;
			sourceTree = "<group>";
		};
/* End PBXGroup section */

/* Begin PBXNativeTarget section */
		5C00FDC21488CF55C6ADA84F /* menu3 */ = {
			isa = PBXNativeTarget;
			buildConfigurationList = A3C3FAEEFAF22C752A4DF277 /* Build configuration list for PBXNativeTarget "menu3" */;
			buildPhases = (
				265ED34C0984573F8F9E9041 /* Sources */,
				D262CB4003332D8A8B9FEB69 /* Resources */,
			);
			buildRules = (
			);
			dependencies = (
			);
			name = menu3;
			packageProductDependencies = (
			);
			productName = menu3;
			productReference = A47F7A001F7FB2262A0C4DEA /* menu3.app */;
			productType = "com.apple.product-type.application";
		};
/* End PBXNativeTarget section */

/* Begin PBXProject section */
		32185BD34CBA6433A554C581 /* Project object */ = {
			isa = PBXProject;
			attributes = {
				BuildIndependentTargetsInParallel = YES;
				LastUpgradeCheck = 1430;
				TargetAttributes = {
					5C00FDC21488CF55C6ADA84F = {
						DevelopmentTeam = M9HUJXV356;
						ProvisioningStyle = Automatic;
					};
				};
			};
			buildConfigurationList = BFE412FDE5340E224A8DEEB8 /* Build configuration list for PBXProject "menu3" */;
			developmentRegion = en;
			hasScannedForEncodings = 0;
			knownRegions = (
				Base,
				en,
			);
			mainGroup = B7159E9B3E99DA4D7224D154;
			minimizedProjectReferenceProxies = 1;
			preferredProjectObjectVersion = 77;
			productRefGroup = CF800D7CF2FDDB74DB65C78E /* Products */;
			projectDirPath = "";
			projectRoot = "";
			targets = (
				5C00FDC21488CF55C6ADA84F /* menu3 */,
			);
		};
/* End PBXProject section */

/* Begin PBXResourcesBuildPhase section */
		D262CB4003332D8A8B9FEB69 /* Resources */ = {
			isa = PBXResourcesBuildPhase;
			buildActionMask = 2147483647;
			files = (
				44478ED498C2252F9E10D958 /* Assets.xcassets in Resources */,
			);
			runOnlyForDeploymentPostprocessing = 0;
		};
/* End PBXResourcesBuildPhase section */

/* Begin PBXSourcesBuildPhase section */
		265ED34C0984573F8F9E9041 /* Sources */ = {
			isa = PBXSourcesBuildPhase;
			buildActionMask = 2147483647;
			files = (
				27E9D6F85EB9860681EA8A00 /* AppLauncher.swift in Sources */,
				A4AA09E2672C544C69A3D60F /* Constants.swift in Sources */,
				BB6DB8355917661E93A37976 /* ContentView.swift in Sources */,
				607FB97368A176BF586EBA1A /* FileActions.swift in Sources */,
				8586A724C8897443E7215F00 /* FileMover.swift in Sources */,
				7164628D72A4CF2B3DEACA52 /* FinderBridge.swift in Sources */,
				6BEB160E9C7C6B329F64B53E /* FinderMonitor.swift in Sources */,
				3CB352D89DA2AE5BD62F0DB4 /* Menu3App.swift in Sources */,
				D5815EFB5DEBB48E2324AEF8 /* MenuPresenter.swift in Sources */,
				49F066DB82917A5996019916 /* MultitouchPrivate.swift in Sources */,
				55FC694C2B5B205B160D729B /* RecentAppsManager.swift in Sources */,
				713997550005CC56804A702F /* TriggerSettings.swift in Sources */,
			);
			runOnlyForDeploymentPostprocessing = 0;
		};
/* End PBXSourcesBuildPhase section */

/* Begin XCBuildConfiguration section */
		09B6BA253C510209602452EF /* Release */ = {
			isa = XCBuildConfiguration;
			buildSettings = {
				ALWAYS_SEARCH_USER_PATHS = NO;
				CLANG_ANALYZER_NONNULL = YES;
				CLANG_ANALYZER_NUMBER_OBJECT_CONVERSION = YES_AGGRESSIVE;
				CLANG_CXX_LANGUAGE_STANDARD = "gnu++14";
				CLANG_CXX_LIBRARY = "libc++";
				CLANG_ENABLE_MODULES = YES;
				CLANG_ENABLE_OBJC_ARC = YES;
				CLANG_ENABLE_OBJC_WEAK = YES;
				CLANG_WARN_BLOCK_CAPTURE_AUTORELEASING = YES;
				CLANG_WARN_BOOL_CONVERSION = YES;
				CLANG_WARN_COMMA = YES;
				CLANG_WARN_CONSTANT_CONVERSION = YES;
				CLANG_WARN_DEPRECATED_OBJC_IMPLEMENTATIONS = YES;
				CLANG_WARN_DIRECT_OBJC_ISA_USAGE = YES_ERROR;
				CLANG_WARN_DOCUMENTATION_COMMENTS = YES;
				CLANG_WARN_EMPTY_BODY = YES;
				CLANG_WARN_ENUM_CONVERSION = YES;
				CLANG_WARN_INFINITE_RECURSION = YES;
				CLANG_WARN_INT_CONVERSION = YES;
				CLANG_WARN_NON_LITERAL_NULL_CONVERSION = YES;
				CLANG_WARN_OBJC_IMPLICIT_RETAIN_SELF = YES;
				CLANG_WARN_OBJC_LITERAL_CONVERSION = YES;
				CLANG_WARN_OBJC_ROOT_CLASS = YES_ERROR;
				CLANG_WARN_QUOTED_INCLUDE_IN_FRAMEWORK_HEADER = YES;
				CLANG_WARN_RANGE_LOOP_ANALYSIS = YES;
				CLANG_WARN_STRICT_PROTOTYPES = YES;
				CLANG_WARN_SUSPICIOUS_MOVE = YES;
				CLANG_WARN_UNGUARDED_AVAILABILITY = YES_AGGRESSIVE;
				CLANG_WARN_UNREACHABLE_CODE = YES;
				CLANG_WARN__DUPLICATE_METHOD_MATCH = YES;
				CODE_SIGN_IDENTITY = "Apple Development";
				CODE_SIGN_STYLE = Automatic;
				COPY_PHASE_STRIP = NO;
				CURRENT_PROJECT_VERSION = 1;
				DEBUG_INFORMATION_FORMAT = "dwarf-with-dsym";
				DEVELOPMENT_TEAM = M9HUJXV356;
				ENABLE_NS_ASSERTIONS = NO;
				ENABLE_STRICT_OBJC_MSGSEND = YES;
				GCC_C_LANGUAGE_STANDARD = gnu11;
				GCC_NO_COMMON_BLOCKS = YES;
				GCC_WARN_64_TO_32_BIT_CONVERSION = YES;
				GCC_WARN_ABOUT_RETURN_TYPE = YES_ERROR;
				GCC_WARN_UNDECLARED_SELECTOR = YES;
				GCC_WARN_UNINITIALIZED_AUTOS = YES_AGGRESSIVE;
				GCC_WARN_UNUSED_FUNCTION = YES;
				GCC_WARN_UNUSED_VARIABLE = YES;
				MACOSX_DEPLOYMENT_TARGET = 12.0;
				MARKETING_VERSION = 1.0.0;
				MTL_ENABLE_DEBUG_INFO = NO;
				MTL_FAST_MATH = YES;
				PRODUCT_NAME = "$(TARGET_NAME)";
				SDKROOT = macosx;
				SWIFT_COMPILATION_MODE = wholemodule;
				SWIFT_OPTIMIZATION_LEVEL = "-O";
				SWIFT_VERSION = 5.9;
			};
			name = Release;
		};
		3BE57D99FEA3CD94B6DCA4CF /* Debug */ = {
			isa = XCBuildConfiguration;
			buildSettings = {
				ASSETCATALOG_COMPILER_APPICON_NAME = AppIcon;
				CODE_SIGN_ENTITLEMENTS = Menu3/Menu3.entitlements;
				COMBINE_HIDPI_IMAGES = YES;
				INFOPLIST_FILE = Menu3/Info.plist;
				LD_RUNPATH_SEARCH_PATHS = (
					"$(inherited)",
					"@executable_path/../Frameworks",
				);
				OTHER_LDFLAGS = (
					"-F/System/Library/PrivateFrameworks",
					"-framework",
					MultitouchSupport,
				);
				PRODUCT_BUNDLE_IDENTIFIER = com.menu3.app;
				PRODUCT_NAME = Menu3;
				SDKROOT = macosx;
			};
			name = Debug;
		};
		3CB3CCA8D77396A01FBD8737 /* Release */ = {
			isa = XCBuildConfiguration;
			buildSettings = {
				ASSETCATALOG_COMPILER_APPICON_NAME = AppIcon;
				CODE_SIGN_ENTITLEMENTS = Menu3/Menu3.entitlements;
				COMBINE_HIDPI_IMAGES = YES;
				INFOPLIST_FILE = Menu3/Info.plist;
				LD_RUNPATH_SEARCH_PATHS = (
					"$(inherited)",
					"@executable_path/../Frameworks",
				);
				OTHER_LDFLAGS = (
					"-F/System/Library/PrivateFrameworks",
					"-framework",
					MultitouchSupport,
				);
				PRODUCT_BUNDLE_IDENTIFIER = com.menu3.app;
				PRODUCT_NAME = Menu3;
				SDKROOT = macosx;
			};
			name = Release;
		};
		DDB3403A3AE78AF41A7D0859 /* Debug */ = {
			isa = XCBuildConfiguration;
			buildSettings = {
				ALWAYS_SEARCH_USER_PATHS = NO;
				CLANG_ANALYZER_NONNULL = YES;
				CLANG_ANALYZER_NUMBER_OBJECT_CONVERSION = YES_AGGRESSIVE;
				CLANG_CXX_LANGUAGE_STANDARD = "gnu++14";
				CLANG_CXX_LIBRARY = "libc++";
				CLANG_ENABLE_MODULES = YES;
				CLANG_ENABLE_OBJC_ARC = YES;
				CLANG_ENABLE_OBJC_WEAK = YES;
				CLANG_WARN_BLOCK_CAPTURE_AUTORELEASING = YES;
				CLANG_WARN_BOOL_CONVERSION = YES;
				CLANG_WARN_COMMA = YES;
				CLANG_WARN_CONSTANT_CONVERSION = YES;
				CLANG_WARN_DEPRECATED_OBJC_IMPLEMENTATIONS = YES;
				CLANG_WARN_DIRECT_OBJC_ISA_USAGE = YES_ERROR;
				CLANG_WARN_DOCUMENTATION_COMMENTS = YES;
				CLANG_WARN_EMPTY_BODY = YES;
				CLANG_WARN_ENUM_CONVERSION = YES;
				CLANG_WARN_INFINITE_RECURSION = YES;
				CLANG_WARN_INT_CONVERSION = YES;
				CLANG_WARN_NON_LITERAL_NULL_CONVERSION = YES;
				CLANG_WARN_OBJC_IMPLICIT_RETAIN_SELF = YES;
				CLANG_WARN_OBJC_LITERAL_CONVERSION = YES;
				CLANG_WARN_OBJC_ROOT_CLASS = YES_ERROR;
				CLANG_WARN_QUOTED_INCLUDE_IN_FRAMEWORK_HEADER = YES;
				CLANG_WARN_RANGE_LOOP_ANALYSIS = YES;
				CLANG_WARN_STRICT_PROTOTYPES = YES;
				CLANG_WARN_SUSPICIOUS_MOVE = YES;
				CLANG_WARN_UNGUARDED_AVAILABILITY = YES_AGGRESSIVE;
				CLANG_WARN_UNREACHABLE_CODE = YES;
				CLANG_WARN__DUPLICATE_METHOD_MATCH = YES;
				CODE_SIGN_IDENTITY = "Apple Development";
				CODE_SIGN_STYLE = Automatic;
				COPY_PHASE_STRIP = NO;
				CURRENT_PROJECT_VERSION = 1;
				DEBUG_INFORMATION_FORMAT = dwarf;
				DEVELOPMENT_TEAM = M9HUJXV356;
				ENABLE_STRICT_OBJC_MSGSEND = YES;
				ENABLE_TESTABILITY = YES;
				GCC_C_LANGUAGE_STANDARD = gnu11;
				GCC_DYNAMIC_NO_PIC = NO;
				GCC_NO_COMMON_BLOCKS = YES;
				GCC_OPTIMIZATION_LEVEL = 0;
				GCC_PREPROCESSOR_DEFINITIONS = (
					"$(inherited)",
					"DEBUG=1",
				);
				GCC_WARN_64_TO_32_BIT_CONVERSION = YES;
				GCC_WARN_ABOUT_RETURN_TYPE = YES_ERROR;
				GCC_WARN_UNDECLARED_SELECTOR = YES;
				GCC_WARN_UNINITIALIZED_AUTOS = YES_AGGRESSIVE;
				GCC_WARN_UNUSED_FUNCTION = YES;
				GCC_WARN_UNUSED_VARIABLE = YES;
				MACOSX_DEPLOYMENT_TARGET = 12.0;
				MARKETING_VERSION = 1.0.0;
				MTL_ENABLE_DEBUG_INFO = INCLUDE_SOURCE;
				MTL_FAST_MATH = YES;
				ONLY_ACTIVE_ARCH = YES;
				PRODUCT_NAME = "$(TARGET_NAME)";
				SDKROOT = macosx;
				SWIFT_ACTIVE_COMPILATION_CONDITIONS = DEBUG;
				SWIFT_OPTIMIZATION_LEVEL = "-Onone";
				SWIFT_VERSION = 5.9;
			};
			name = Debug;
		};
/* End XCBuildConfiguration section */

/* Begin XCConfigurationList section */
		A3C3FAEEFAF22C752A4DF277 /* Build configuration list for PBXNativeTarget "menu3" */ = {
			isa = XCConfigurationList;
			buildConfigurations = (
				3BE57D99FEA3CD94B6DCA4CF /* Debug */,
				3CB3CCA8D77396A01FBD8737 /* Release */,
			);
			defaultConfigurationIsVisible = 0;
			defaultConfigurationName = Release;
		};
		BFE412FDE5340E224A8DEEB8 /* Build configuration list for PBXProject "menu3" */ = {
			isa = XCConfigurationList;
			buildConfigurations = (
				DDB3403A3AE78AF41A7D0859 /* Debug */,
				09B6BA253C510209602452EF /* Release */,
			);
			defaultConfigurationIsVisible = 0;
			defaultConfigurationName = Release;
		};
/* End XCConfigurationList section */
	};
	rootObject = 32185BD34CBA6433A554C581 /* Project object */;
}
